// !$*UTF8*$!
{
	archiveVersion = 1;
	classes = {
	};
	objectVersion = 52;
	objects = {

/* Begin PBXBuildFile section */
		0F15169826E1E1AC00512FB5 /* MovieCell.swift in Sources */ = {isa = PBXBuildFile; fileRef = 0F15169726E1E1AC00512FB5 /* MovieCell.swift */; };
		0F15169B26E1E97800512FB5 /* AlamofireImage in Frameworks */ = {isa = PBXBuildFile; productRef = 0F15169A26E1E97800512FB5 /* AlamofireImage */; };
		0F4FE64226E1668200D5A290 /* AppDelegate.swift in Sources */ = {isa = PBXBuildFile; fileRef = 0F4FE64126E1668200D5A290 /* AppDelegate.swift */; };
		0F4FE64426E1668200D5A290 /* SceneDelegate.swift in Sources */ = {isa = PBXBuildFile; fileRef = 0F4FE64326E1668200D5A290 /* SceneDelegate.swift */; };
		0F4FE64926E1668200D5A290 /* Main.storyboard in Resources */ = {isa = PBXBuildFile; fileRef = 0F4FE64726E1668200D5A290 /* Main.storyboard */; };
		0F4FE64B26E1668400D5A290 /* Assets.xcassets in Resources */ = {isa = PBXBuildFile; fileRef = 0F4FE64A26E1668400D5A290 /* Assets.xcassets */; };
		0F4FE64E26E1668400D5A290 /* LaunchScreen.storyboard in Resources */ = {isa = PBXBuildFile; fileRef = 0F4FE64C26E1668400D5A290 /* LaunchScreen.storyboard */; };
		0F4FE65926E1668400D5A290 /* flixsterTests.swift in Sources */ = {isa = PBXBuildFile; fileRef = 0F4FE65826E1668400D5A290 /* flixsterTests.swift */; };
		0F4FE66426E1668400D5A290 /* flixsterUITests.swift in Sources */ = {isa = PBXBuildFile; fileRef = 0F4FE66326E1668400D5A290 /* flixsterUITests.swift */; };
		0F4FE67226E168A300D5A290 /* MoviesViewController.swift in Sources */ = {isa = PBXBuildFile; fileRef = 0F4FE67126E168A300D5A290 /* MoviesViewController.swift */; };
		2BF16BAB22D36B5A049BC053 /* Pods_flixster_flixsterUITests.framework in Frameworks */ = {isa = PBXBuildFile; fileRef = 84C5C5B21FCBB9D735BBDB45 /* Pods_flixster_flixsterUITests.framework */; };
		91986AD777E702CA7D596C45 /* Pods_flixsterTests.framework in Frameworks */ = {isa = PBXBuildFile; fileRef = 89ABFB059E65409667EBAF41 /* Pods_flixsterTests.framework */; };
		BC5DBD30C3D1A7BC2AE2F8B4 /* Pods_flixster.framework in Frameworks */ = {isa = PBXBuildFile; fileRef = 1803F9A5AB53543189610041 /* Pods_flixster.framework */; };
/* End PBXBuildFile section */

/* Begin PBXContainerItemProxy section */
		0F4FE65526E1668400D5A290 /* PBXContainerItemProxy */ = {
			isa = PBXContainerItemProxy;
			containerPortal = 0F4FE63626E1668200D5A290 /* Project object */;
			proxyType = 1;
			remoteGlobalIDString = 0F4FE63D26E1668200D5A290;
			remoteInfo = flixster;
		};
		0F4FE66026E1668400D5A290 /* PBXContainerItemProxy */ = {
			isa = PBXContainerItemProxy;
			containerPortal = 0F4FE63626E1668200D5A290 /* Project object */;
			proxyType = 1;
			remoteGlobalIDString = 0F4FE63D26E1668200D5A290;
			remoteInfo = flixster;
		};
/* End PBXContainerItemProxy section */

/* Begin PBXFileReference section */
		0EE74BBACA02A691C1069FB2 /* Pods-flixster.release.xcconfig */ = {isa = PBXFileReference; includeInIndex = 1; lastKnownFileType = text.xcconfig; name = "Pods-flixster.release.xcconfig"; path = "Target Support Files/Pods-flixster/Pods-flixster.release.xcconfig"; sourceTree = "<group>"; };
		0F15169726E1E1AC00512FB5 /* MovieCell.swift */ = {isa = PBXFileReference; lastKnownFileType = sourcecode.swift; path = MovieCell.swift; sourceTree = "<group>"; };
		0F4FE63E26E1668200D5A290 /* flixster.app */ = {isa = PBXFileReference; explicitFileType = wrapper.application; includeInIndex = 0; path = flixster.app; sourceTree = BUILT_PRODUCTS_DIR; };
		0F4FE64126E1668200D5A290 /* AppDelegate.swift */ = {isa = PBXFileReference; lastKnownFileType = sourcecode.swift; path = AppDelegate.swift; sourceTree = "<group>"; };
		0F4FE64326E1668200D5A290 /* SceneDelegate.swift */ = {isa = PBXFileReference; lastKnownFileType = sourcecode.swift; path = SceneDelegate.swift; sourceTree = "<group>"; };
		0F4FE64826E1668200D5A290 /* Base */ = {isa = PBXFileReference; lastKnownFileType = file.storyboard; name = Base; path = Base.lproj/Main.storyboard; sourceTree = "<group>"; };
		0F4FE64A26E1668400D5A290 /* Assets.xcassets */ = {isa = PBXFileReference; lastKnownFileType = folder.assetcatalog; path = Assets.xcassets; sourceTree = "<group>"; };
		0F4FE64D26E1668400D5A290 /* Base */ = {isa = PBXFileReference; lastKnownFileType = file.storyboard; name = Base; path = Base.lproj/LaunchScreen.storyboard; sourceTree = "<group>"; };
		0F4FE64F26E1668400D5A290 /* Info.plist */ = {isa = PBXFileReference; lastKnownFileType = text.plist.xml; path = Info.plist; sourceTree = "<group>"; };
		0F4FE65426E1668400D5A290 /* flixsterTests.xctest */ = {isa = PBXFileReference; explicitFileType = wrapper.cfbundle; includeInIndex = 0; path = flixsterTests.xctest; sourceTree = BUILT_PRODUCTS_DIR; };
		0F4FE65826E1668400D5A290 /* flixsterTests.swift */ = {isa = PBXFileReference; lastKnownFileType = sourcecode.swift; path = flixsterTests.swift; sourceTree = "<group>"; };
		0F4FE65A26E1668400D5A290 /* Info.plist */ = {isa = PBXFileReference; lastKnownFileType = text.plist.xml; path = Info.plist; sourceTree = "<group>"; };
		0F4FE65F26E1668400D5A290 /* flixsterUITests.xctest */ = {isa = PBXFileReference; explicitFileType = wrapper.cfbundle; includeInIndex = 0; path = flixsterUITests.xctest; sourceTree = BUILT_PRODUCTS_DIR; };
		0F4FE66326E1668400D5A290 /* flixsterUITests.swift */ = {isa = PBXFileReference; lastKnownFileType = sourcecode.swift; path = flixsterUITests.swift; sourceTree = "<group>"; };
		0F4FE66526E1668400D5A290 /* Info.plist */ = {isa = PBXFileReference; lastKnownFileType = text.plist.xml; path = Info.plist; sourceTree = "<group>"; };
		0F4FE67126E168A300D5A290 /* MoviesViewController.swift */ = {isa = PBXFileReference; lastKnownFileType = sourcecode.swift; path = MoviesViewController.swift; sourceTree = "<group>"; };
		1803F9A5AB53543189610041 /* Pods_flixster.framework */ = {isa = PBXFileReference; explicitFileType = wrapper.framework; includeInIndex = 0; path = Pods_flixster.framework; sourceTree = BUILT_PRODUCTS_DIR; };
		40EC57D90329E992C485FAEF /* Pods-flixsterTests.release.xcconfig */ = {isa = PBXFileReference; includeInIndex = 1; lastKnownFileType = text.xcconfig; name = "Pods-flixsterTests.release.xcconfig"; path = "Target Support Files/Pods-flixsterTests/Pods-flixsterTests.release.xcconfig"; sourceTree = "<group>"; };
		4DCB886B1D1A64C7ABA80166 /* Pods-flixsterTests.debug.xcconfig */ = {isa = PBXFileReference; includeInIndex = 1; lastKnownFileType = text.xcconfig; name = "Pods-flixsterTests.debug.xcconfig"; path = "Target Support Files/Pods-flixsterTests/Pods-flixsterTests.debug.xcconfig"; sourceTree = "<group>"; };
		502DF4942CDFF25B52ECFB00 /* Pods-flixster.debug.xcconfig */ = {isa = PBXFileReference; includeInIndex = 1; lastKnownFileType = text.xcconfig; name = "Pods-flixster.debug.xcconfig"; path = "Target Support Files/Pods-flixster/Pods-flixster.debug.xcconfig"; sourceTree = "<group>"; };
		5846C8E9EC99896B2144AC03 /* Pods-flixster-flixsterUITests.release.xcconfig */ = {isa = PBXFileReference; includeInIndex = 1; lastKnownFileType = text.xcconfig; name = "Pods-flixster-flixsterUITests.release.xcconfig"; path = "Target Support Files/Pods-flixster-flixsterUITests/Pods-flixster-flixsterUITests.release.xcconfig"; sourceTree = "<group>"; };
		84C5C5B21FCBB9D735BBDB45 /* Pods_flixster_flixsterUITests.framework */ = {isa = PBXFileReference; explicitFileType = wrapper.framework; includeInIndex = 0; path = Pods_flixster_flixsterUITests.framework; sourceTree = BUILT_PRODUCTS_DIR; };
		89ABFB059E65409667EBAF41 /* Pods_flixsterTests.framework */ = {isa = PBXFileReference; explicitFileType = wrapper.framework; includeInIndex = 0; path = Pods_flixsterTests.framework; sourceTree = BUILT_PRODUCTS_DIR; };
		E19D7ABDF5BA83D1406EC8C4 /* Pods-flixster-flixsterUITests.debug.xcconfig */ = {isa = PBXFileReference; includeInIndex = 1; lastKnownFileType = text.xcconfig; name = "Pods-flixster-flixsterUITests.debug.xcconfig"; path = "Target Support Files/Pods-flixster-flixsterUITests/Pods-flixster-flixsterUITests.debug.xcconfig"; sourceTree = "<group>"; };
/* End PBXFileReference section */

/* Begin PBXFrameworksBuildPhase section */
		0F4FE63B26E1668200D5A290 /* Frameworks */ = {
			isa = PBXFrameworksBuildPhase;
			buildActionMask = 2147483647;
			files = (
				0F15169B26E1E97800512FB5 /* AlamofireImage in Frameworks */,
				BC5DBD30C3D1A7BC2AE2F8B4 /* Pods_flixster.framework in Frameworks */,
			);
			runOnlyForDeploymentPostprocessing = 0;
		};
		0F4FE65126E1668400D5A290 /* Frameworks */ = {
			isa = PBXFrameworksBuildPhase;
			buildActionMask = 2147483647;
			files = (
				91986AD777E702CA7D596C45 /* Pods_flixsterTests.framework in Frameworks */,
			);
			runOnlyForDeploymentPostprocessing = 0;
		};
		0F4FE65C26E1668400D5A290 /* Frameworks */ = {
			isa = PBXFrameworksBuildPhase;
			buildActionMask = 2147483647;
			files = (
				2BF16BAB22D36B5A049BC053 /* Pods_flixster_flixsterUITests.framework in Frameworks */,
			);
			runOnlyForDeploymentPostprocessing = 0;
		};
/* End PBXFrameworksBuildPhase section */

/* Begin PBXGroup section */
		0F4FE63526E1668200D5A290 = {
			isa = PBXGroup;
			children = (
				0F4FE64026E1668200D5A290 /* flixster */,
				0F4FE65726E1668400D5A290 /* flixsterTests */,
				0F4FE66226E1668400D5A290 /* flixsterUITests */,
				0F4FE63F26E1668200D5A290 /* Products */,
				727DCD791DF386DBD4DA607A /* Pods */,
				67FA97572AC8754F4C07C899 /* Frameworks */,
			);
			sourceTree = "<group>";
		};
		0F4FE63F26E1668200D5A290 /* Products */ = {
			isa = PBXGroup;
			children = (
				0F4FE63E26E1668200D5A290 /* flixster.app */,
				0F4FE65426E1668400D5A290 /* flixsterTests.xctest */,
				0F4FE65F26E1668400D5A290 /* flixsterUITests.xctest */,
			);
			name = Products;
			sourceTree = "<group>";
		};
		0F4FE64026E1668200D5A290 /* flixster */ = {
			isa = PBXGroup;
			children = (
				0F4FE64126E1668200D5A290 /* AppDelegate.swift */,
				0F4FE64326E1668200D5A290 /* SceneDelegate.swift */,
				0F4FE64726E1668200D5A290 /* Main.storyboard */,
				0F4FE64A26E1668400D5A290 /* Assets.xcassets */,
				0F4FE64C26E1668400D5A290 /* LaunchScreen.storyboard */,
				0F4FE64F26E1668400D5A290 /* Info.plist */,
				0F4FE67126E168A300D5A290 /* MoviesViewController.swift */,
				0F15169726E1E1AC00512FB5 /* MovieCell.swift */,
			);
			path = flixster;
			sourceTree = "<group>";
		};
		0F4FE65726E1668400D5A290 /* flixsterTests */ = {
			isa = PBXGroup;
			children = (
				0F4FE65826E1668400D5A290 /* flixsterTests.swift */,
				0F4FE65A26E1668400D5A290 /* Info.plist */,
			);
			path = flixsterTests;
			sourceTree = "<group>";
		};
		0F4FE66226E1668400D5A290 /* flixsterUITests */ = {
			isa = PBXGroup;
			children = (
				0F4FE66326E1668400D5A290 /* flixsterUITests.swift */,
				0F4FE66526E1668400D5A290 /* Info.plist */,
			);
			path = flixsterUITests;
			sourceTree = "<group>";
		};
		67FA97572AC8754F4C07C899 /* Frameworks */ = {
			isa = PBXGroup;
			children = (
				1803F9A5AB53543189610041 /* Pods_flixster.framework */,
				84C5C5B21FCBB9D735BBDB45 /* Pods_flixster_flixsterUITests.framework */,
				89ABFB059E65409667EBAF41 /* Pods_flixsterTests.framework */,
			);
			name = Frameworks;
			sourceTree = "<group>";
		};
		727DCD791DF386DBD4DA607A /* Pods */ = {
			isa = PBXGroup;
			children = (
				502DF4942CDFF25B52ECFB00 /* Pods-flixster.debug.xcconfig */,
				0EE74BBACA02A691C1069FB2 /* Pods-flixster.release.xcconfig */,
				E19D7ABDF5BA83D1406EC8C4 /* Pods-flixster-flixsterUITests.debug.xcconfig */,
				5846C8E9EC99896B2144AC03 /* Pods-flixster-flixsterUITests.release.xcconfig */,
				4DCB886B1D1A64C7ABA80166 /* Pods-flixsterTests.debug.xcconfig */,
				40EC57D90329E992C485FAEF /* Pods-flixsterTests.release.xcconfig */,
			);
			name = Pods;
			path = Pods;
			sourceTree = "<group>";
		};
/* End PBXGroup section */

/* Begin PBXNativeTarget section */
		0F4FE63D26E1668200D5A290 /* flixster */ = {
			isa = PBXNativeTarget;
			buildConfigurationList = 0F4FE66826E1668400D5A290 /* Build configuration list for PBXNativeTarget "flixster" */;
			buildPhases = (
				A854D4C3F262629F0153158D /* [CP] Check Pods Manifest.lock */,
				0F4FE63A26E1668200D5A290 /* Sources */,
				0F4FE63B26E1668200D5A290 /* Frameworks */,
				0F4FE63C26E1668200D5A290 /* Resources */,
				92A0AB596982D96C26C7920C /* [CP] Embed Pods Frameworks */,
			);
			buildRules = (
			);
			dependencies = (
			);
			name = flixster;
			packageProductDependencies = (
				0F15169A26E1E97800512FB5 /* AlamofireImage */,
			);
			productName = flixster;
			productReference = 0F4FE63E26E1668200D5A290 /* flixster.app */;
			productType = "com.apple.product-type.application";
		};
		0F4FE65326E1668400D5A290 /* flixsterTests */ = {
			isa = PBXNativeTarget;
			buildConfigurationList = 0F4FE66B26E1668400D5A290 /* Build configuration list for PBXNativeTarget "flixsterTests" */;
			buildPhases = (
				87D5B532D648A6F97D4BD25C /* [CP] Check Pods Manifest.lock */,
				0F4FE65026E1668400D5A290 /* Sources */,
				0F4FE65126E1668400D5A290 /* Frameworks */,
				0F4FE65226E1668400D5A290 /* Resources */,
			);
			buildRules = (
			);
			dependencies = (
				0F4FE65626E1668400D5A290 /* PBXTargetDependency */,
			);
			name = flixsterTests;
			productName = flixsterTests;
			productReference = 0F4FE65426E1668400D5A290 /* flixsterTests.xctest */;
			productType = "com.apple.product-type.bundle.unit-test";
		};
		0F4FE65E26E1668400D5A290 /* flixsterUITests */ = {
			isa = PBXNativeTarget;
			buildConfigurationList = 0F4FE66E26E1668400D5A290 /* Build configuration list for PBXNativeTarget "flixsterUITests" */;
			buildPhases = (
				9D6A6F97409141D9C3B81C6E /* [CP] Check Pods Manifest.lock */,
				0F4FE65B26E1668400D5A290 /* Sources */,
				0F4FE65C26E1668400D5A290 /* Frameworks */,
				0F4FE65D26E1668400D5A290 /* Resources */,
				C1351F54FBE813F17304CD8B /* [CP] Embed Pods Frameworks */,
			);
			buildRules = (
			);
			dependencies = (
				0F4FE66126E1668400D5A290 /* PBXTargetDependency */,
			);
			name = flixsterUITests;
			productName = flixsterUITests;
			productReference = 0F4FE65F26E1668400D5A290 /* flixsterUITests.xctest */;
			productType = "com.apple.product-type.bundle.ui-testing";
		};
/* End PBXNativeTarget section */

/* Begin PBXProject section */
		0F4FE63626E1668200D5A290 /* Project object */ = {
			isa = PBXProject;
			attributes = {
				LastSwiftUpdateCheck = 1250;
				LastUpgradeCheck = 1250;
				TargetAttributes = {
					0F4FE63D26E1668200D5A290 = {
						CreatedOnToolsVersion = 12.5.1;
					};
					0F4FE65326E1668400D5A290 = {
						CreatedOnToolsVersion = 12.5.1;
						TestTargetID = 0F4FE63D26E1668200D5A290;
					};
					0F4FE65E26E1668400D5A290 = {
						CreatedOnToolsVersion = 12.5.1;
						TestTargetID = 0F4FE63D26E1668200D5A290;
					};
				};
			};
			buildConfigurationList = 0F4FE63926E1668200D5A290 /* Build configuration list for PBXProject "flixster" */;
			compatibilityVersion = "Xcode 9.3";
			developmentRegion = en;
			hasScannedForEncodings = 0;
			knownRegions = (
				en,
				Base,
			);
			mainGroup = 0F4FE63526E1668200D5A290;
			packageReferences = (
				0F15169926E1E97800512FB5 /* XCRemoteSwiftPackageReference "AlamofireImage" */,
			);
			productRefGroup = 0F4FE63F26E1668200D5A290 /* Products */;
			projectDirPath = "";
			projectRoot = "";
			targets = (
				0F4FE63D26E1668200D5A290 /* flixster */,
				0F4FE65326E1668400D5A290 /* flixsterTests */,
				0F4FE65E26E1668400D5A290 /* flixsterUITests */,
			);
		};
/* End PBXProject section */

/* Begin PBXResourcesBuildPhase section */
		0F4FE63C26E1668200D5A290 /* Resources */ = {
			isa = PBXResourcesBuildPhase;
			buildActionMask = 2147483647;
			files = (
				0F4FE64E26E1668400D5A290 /* LaunchScreen.storyboard in Resources */,
				0F4FE64B26E1668400D5A290 /* Assets.xcassets in Resources */,
				0F4FE64926E1668200D5A290 /* Main.storyboard in Resources */,
			);
			runOnlyForDeploymentPostprocessing = 0;
		};
		0F4FE65226E1668400D5A290 /* Resources */ = {
			isa = PBXResourcesBuildPhase;
			buildActionMask = 2147483647;
			files = (
			);
			runOnlyForDeploymentPostprocessing = 0;
		};
		0F4FE65D26E1668400D5A290 /* Resources */ = {
			isa = PBXResourcesBuildPhase;
			buildActionMask = 2147483647;
			files = (
			);
			runOnlyForDeploymentPostprocessing = 0;
		};
/* End PBXResourcesBuildPhase section */

/* Begin PBXShellScriptBuildPhase section */
		87D5B532D648A6F97D4BD25C /* [CP] Check Pods Manifest.lock */ = {
			isa = PBXShellScriptBuildPhase;
			buildActionMask = 2147483647;
			files = (
			);
			inputFileListPaths = (
			);
			inputPaths = (
				"${PODS_PODFILE_DIR_PATH}/Podfile.lock",
				"${PODS_ROOT}/Manifest.lock",
			);
			name = "[CP] Check Pods Manifest.lock";
			outputFileListPaths = (
			);
			outputPaths = (
				"$(DERIVED_FILE_DIR)/Pods-flixsterTests-checkManifestLockResult.txt",
			);
			runOnlyForDeploymentPostprocessing = 0;
			shellPath = /bin/sh;
			shellScript = "diff \"${PODS_PODFILE_DIR_PATH}/Podfile.lock\" \"${PODS_ROOT}/Manifest.lock\" > /dev/null\nif [ $? != 0 ] ; then\n    # print error to STDERR\n    echo \"error: The sandbox is not in sync with the Podfile.lock. Run 'pod install' or update your CocoaPods installation.\" >&2\n    exit 1\nfi\n# This output is used by Xcode 'outputs' to avoid re-running this script phase.\necho \"SUCCESS\" > \"${SCRIPT_OUTPUT_FILE_0}\"\n";
			showEnvVarsInLog = 0;
		};
		92A0AB596982D96C26C7920C /* [CP] Embed Pods Frameworks */ = {
			isa = PBXShellScriptBuildPhase;
			buildActionMask = 2147483647;
			files = (
			);
			inputFileListPaths = (
				"${PODS_ROOT}/Target Support Files/Pods-flixster/Pods-flixster-frameworks-${CONFIGURATION}-input-files.xcfilelist",
			);
			name = "[CP] Embed Pods Frameworks";
			outputFileListPaths = (
				"${PODS_ROOT}/Target Support Files/Pods-flixster/Pods-flixster-frameworks-${CONFIGURATION}-output-files.xcfilelist",
			);
			runOnlyForDeploymentPostprocessing = 0;
			shellPath = /bin/sh;
			shellScript = "\"${PODS_ROOT}/Target Support Files/Pods-flixster/Pods-flixster-frameworks.sh\"\n";
			showEnvVarsInLog = 0;
		};
		9D6A6F97409141D9C3B81C6E /* [CP] Check Pods Manifest.lock */ = {
			isa = PBXShellScriptBuildPhase;
			buildActionMask = 2147483647;
			files = (
			);
			inputFileListPaths = (
			);
			inputPaths = (
				"${PODS_PODFILE_DIR_PATH}/Podfile.lock",
				"${PODS_ROOT}/Manifest.lock",
			);
			name = "[CP] Check Pods Manifest.lock";
			outputFileListPaths = (
			);
			outputPaths = (
				"$(DERIVED_FILE_DIR)/Pods-flixster-flixsterUITests-checkManifestLockResult.txt",
			);
			runOnlyForDeploymentPostprocessing = 0;
			shellPath = /bin/sh;
			shellScript = "diff \"${PODS_PODFILE_DIR_PATH}/Podfile.lock\" \"${PODS_ROOT}/Manifest.lock\" > /dev/null\nif [ $? != 0 ] ; then\n    # print error to STDERR\n    echo \"error: The sandbox is not in sync with the Podfile.lock. Run 'pod install' or update your CocoaPods installation.\" >&2\n    exit 1\nfi\n# This output is used by Xcode 'outputs' to avoid re-running this script phase.\necho \"SUCCESS\" > \"${SCRIPT_OUTPUT_FILE_0}\"\n";
			showEnvVarsInLog = 0;
		};
		A854D4C3F262629F0153158D /* [CP] Check Pods Manifest.lock */ = {
			isa = PBXShellScriptBuildPhase;
			buildActionMask = 2147483647;
			files = (
			);
			inputFileListPaths = (
			);
			inputPaths = (
				"${PODS_PODFILE_DIR_PATH}/Podfile.lock",
				"${PODS_ROOT}/Manifest.lock",
			);
			name = "[CP] Check Pods Manifest.lock";
			outputFileListPaths = (
			);
			outputPaths = (
				"$(DERIVED_FILE_DIR)/Pods-flixster-checkManifestLockResult.txt",
			);
			runOnlyForDeploymentPostprocessing = 0;
			shellPath = /bin/sh;
			shellScript = "diff \"${PODS_PODFILE_DIR_PATH}/Podfile.lock\" \"${PODS_ROOT}/Manifest.lock\" > /dev/null\nif [ $? != 0 ] ; then\n    # print error to STDERR\n    echo \"error: The sandbox is not in sync with the Podfile.lock. Run 'pod install' or update your CocoaPods installation.\" >&2\n    exit 1\nfi\n# This output is used by Xcode 'outputs' to avoid re-running this script phase.\necho \"SUCCESS\" > \"${SCRIPT_OUTPUT_FILE_0}\"\n";
			showEnvVarsInLog = 0;
		};
		C1351F54FBE813F17304CD8B /* [CP] Embed Pods Frameworks */ = {
			isa = PBXShellScriptBuildPhase;
			buildActionMask = 2147483647;
			files = (
			);
			inputFileListPaths = (
				"${PODS_ROOT}/Target Support Files/Pods-flixster-flixsterUITests/Pods-flixster-flixsterUITests-frameworks-${CONFIGURATION}-input-files.xcfilelist",
			);
			name = "[CP] Embed Pods Frameworks";
			outputFileListPaths = (
				"${PODS_ROOT}/Target Support Files/Pods-flixster-flixsterUITests/Pods-flixster-flixsterUITests-frameworks-${CONFIGURATION}-output-files.xcfilelist",
			);
			runOnlyForDeploymentPostprocessing = 0;
			shellPath = /bin/sh;
			shellScript = "\"${PODS_ROOT}/Target Support Files/Pods-flixster-flixsterUITests/Pods-flixster-flixsterUITests-frameworks.sh\"\n";
			showEnvVarsInLog = 0;
		};
/* End PBXShellScriptBuildPhase section */

/* Begin PBXSourcesBuildPhase section */
		0F4FE63A26E1668200D5A290 /* Sources */ = {
			isa = PBXSourcesBuildPhase;
			buildActionMask = 2147483647;
			files = (
				0F4FE64226E1668200D5A290 /* AppDelegate.swift in Sources */,
				0F4FE64426E1668200D5A290 /* SceneDelegate.swift in Sources */,
				0F15169826E1E1AC00512FB5 /* MovieCell.swift in Sources */,
				0F4FE67226E168A300D5A290 /* MoviesViewController.swift in Sources */,
			);
			runOnlyForDeploymentPostprocessing = 0;
		};
		0F4FE65026E1668400D5A290 /* Sources */ = {
			isa = PBXSourcesBuildPhase;
			buildActionMask = 2147483647;
			files = (
				0F4FE65926E1668400D5A290 /* flixsterTests.swift in Sources */,
			);
			runOnlyForDeploymentPostprocessing = 0;
		};
		0F4FE65B26E1668400D5A290 /* Sources */ = {
			isa = PBXSourcesBuildPhase;
			buildActionMask = 2147483647;
			files = (
				0F4FE66426E1668400D5A290 /* flixsterUITests.swift in Sources */,
			);
			runOnlyForDeploymentPostprocessing = 0;
		};
/* End PBXSourcesBuildPhase section */

/* Begin PBXTargetDependency section */
		0F4FE65626E1668400D5A290 /* PBXTargetDependency */ = {
			isa = PBXTargetDependency;
			target = 0F4FE63D26E1668200D5A290 /* flixster */;
			targetProxy = 0F4FE65526E1668400D5A290 /* PBXContainerItemProxy */;
		};
		0F4FE66126E1668400D5A290 /* PBXTargetDependency */ = {
			isa = PBXTargetDependency;
			target = 0F4FE63D26E1668200D5A290 /* flixster */;
			targetProxy = 0F4FE66026E1668400D5A290 /* PBXContainerItemProxy */;
		};
/* End PBXTargetDependency section */

/* Begin PBXVariantGroup section */
		0F4FE64726E1668200D5A290 /* Main.storyboard */ = {
			isa = PBXVariantGroup;
			children = (
				0F4FE64826E1668200D5A290 /* Base */,
			);
			name = Main.storyboard;
			sourceTree = "<group>";
		};
		0F4FE64C26E1668400D5A290 /* LaunchScreen.storyboard */ = {
			isa = PBXVariantGroup;
			children = (
				0F4FE64D26E1668400D5A290 /* Base */,
			);
			name = LaunchScreen.storyboard;
			sourceTree = "<group>";
		};
/* End PBXVariantGroup section */

/* Begin XCBuildConfiguration section */
		0F4FE66626E1668400D5A290 /* Debug */ = {
			isa = XCBuildConfiguration;
			buildSettings = {
				ALWAYS_SEARCH_USER_PATHS = NO;
				CLANG_ANALYZER_NONNULL = YES;
				CLANG_ANALYZER_NUMBER_OBJECT_CONVERSION = YES_AGGRESSIVE;
				CLANG_CXX_LANGUAGE_STANDARD = "gnu++14";
				CLANG_CXX_LIBRARY = "libc++";
				CLANG_ENABLE_MODULES = YES;
				CLANG_ENABLE_OBJC_ARC = YES;
				CLANG_ENABLE_OBJC_WEAK = YES;
				CLANG_WARN_BLOCK_CAPTURE_AUTORELEASING = YES;
				CLANG_WARN_BOOL_CONVERSION = YES;
				CLANG_WARN_COMMA = YES;
				CLANG_WARN_CONSTANT_CONVERSION = YES;
				CLANG_WARN_DEPRECATED_OBJC_IMPLEMENTATIONS = YES;
				CLANG_WARN_DIRECT_OBJC_ISA_USAGE = YES_ERROR;
				CLANG_WARN_DOCUMENTATION_COMMENTS = YES;
				CLANG_WARN_EMPTY_BODY = YES;
				CLANG_WARN_ENUM_CONVERSION = YES;
				CLANG_WARN_INFINITE_RECURSION = YES;
				CLANG_WARN_INT_CONVERSION = YES;
				CLANG_WARN_NON_LITERAL_NULL_CONVERSION = YES;
				CLANG_WARN_OBJC_IMPLICIT_RETAIN_SELF = YES;
				CLANG_WARN_OBJC_LITERAL_CONVERSION = YES;
				CLANG_WARN_OBJC_ROOT_CLASS = YES_ERROR;
				CLANG_WARN_QUOTED_INCLUDE_IN_FRAMEWORK_HEADER = YES;
				CLANG_WARN_RANGE_LOOP_ANALYSIS = YES;
				CLANG_WARN_STRICT_PROTOTYPES = YES;
				CLANG_WARN_SUSPICIOUS_MOVE = YES;
				CLANG_WARN_UNGUARDED_AVAILABILITY = YES_AGGRESSIVE;
				CLANG_WARN_UNREACHABLE_CODE = YES;
				CLANG_WARN__DUPLICATE_METHOD_MATCH = YES;
				COPY_PHASE_STRIP = NO;
				DEBUG_INFORMATION_FORMAT = dwarf;
				ENABLE_STRICT_OBJC_MSGSEND = YES;
				ENABLE_TESTABILITY = YES;
				GCC_C_LANGUAGE_STANDARD = gnu11;
				GCC_DYNAMIC_NO_PIC = NO;
				GCC_NO_COMMON_BLOCKS = YES;
				GCC_OPTIMIZATION_LEVEL = 0;
				GCC_PREPROCESSOR_DEFINITIONS = (
					"DEBUG=1",
					"$(inherited)",
				);
				GCC_WARN_64_TO_32_BIT_CONVERSION = YES;
				GCC_WARN_ABOUT_RETURN_TYPE = YES_ERROR;
				GCC_WARN_UNDECLARED_SELECTOR = YES;
				GCC_WARN_UNINITIALIZED_AUTOS = YES_AGGRESSIVE;
				GCC_WARN_UNUSED_FUNCTION = YES;
				GCC_WARN_UNUSED_VARIABLE = YES;
				IPHONEOS_DEPLOYMENT_TARGET = 14.5;
				MTL_ENABLE_DEBUG_INFO = INCLUDE_SOURCE;
				MTL_FAST_MATH = YES;
				ONLY_ACTIVE_ARCH = YES;
				SDKROOT = iphoneos;
				SWIFT_ACTIVE_COMPILATION_CONDITIONS = DEBUG;
				SWIFT_OPTIMIZATION_LEVEL = "-Onone";
			};
			name = Debug;
		};
		0F4FE66726E1668400D5A290 /* Release */ = {
			isa = XCBuildConfiguration;
			buildSettings = {
				ALWAYS_SEARCH_USER_PATHS = NO;
				CLANG_ANALYZER_NONNULL = YES;
				CLANG_ANALYZER_NUMBER_OBJECT_CONVERSION = YES_AGGRESSIVE;
				CLANG_CXX_LANGUAGE_STANDARD = "gnu++14";
				CLANG_CXX_LIBRARY = "libc++";
				CLANG_ENABLE_MODULES = YES;
				CLANG_ENABLE_OBJC_ARC = YES;
				CLANG_ENABLE_OBJC_WEAK = YES;
				CLANG_WARN_BLOCK_CAPTURE_AUTORELEASING = YES;
				CLANG_WARN_BOOL_CONVERSION = YES;
				CLANG_WARN_COMMA = YES;
				CLANG_WARN_CONSTANT_CONVERSION = YES;
				CLANG_WARN_DEPRECATED_OBJC_IMPLEMENTATIONS = YES;
				CLANG_WARN_DIRECT_OBJC_ISA_USAGE = YES_ERROR;
				CLANG_WARN_DOCUMENTATION_COMMENTS = YES;
				CLANG_WARN_EMPTY_BODY = YES;
				CLANG_WARN_ENUM_CONVERSION = YES;
				CLANG_WARN_INFINITE_RECURSION = YES;
				CLANG_WARN_INT_CONVERSION = YES;
				CLANG_WARN_NON_LITERAL_NULL_CONVERSION = YES;
				CLANG_WARN_OBJC_IMPLICIT_RETAIN_SELF = YES;
				CLANG_WARN_OBJC_LITERAL_CONVERSION = YES;
				CLANG_WARN_OBJC_ROOT_CLASS = YES_ERROR;
				CLANG_WARN_QUOTED_INCLUDE_IN_FRAMEWORK_HEADER = YES;
				CLANG_WARN_RANGE_LOOP_ANALYSIS = YES;
				CLANG_WARN_STRICT_PROTOTYPES = YES;
				CLANG_WARN_SUSPICIOUS_MOVE = YES;
				CLANG_WARN_UNGUARDED_AVAILABILITY = YES_AGGRESSIVE;
				CLANG_WARN_UNREACHABLE_CODE = YES;
				CLANG_WARN__DUPLICATE_METHOD_MATCH = YES;
				COPY_PHASE_STRIP = NO;
				DEBUG_INFORMATION_FORMAT = "dwarf-with-dsym";
				ENABLE_NS_ASSERTIONS = NO;
				ENABLE_STRICT_OBJC_MSGSEND = YES;
				GCC_C_LANGUAGE_STANDARD = gnu11;
				GCC_NO_COMMON_BLOCKS = YES;
				GCC_WARN_64_TO_32_BIT_CONVERSION = YES;
				GCC_WARN_ABOUT_RETURN_TYPE = YES_ERROR;
				GCC_WARN_UNDECLARED_SELECTOR = YES;
				GCC_WARN_UNINITIALIZED_AUTOS = YES_AGGRESSIVE;
				GCC_WARN_UNUSED_FUNCTION = YES;
				GCC_WARN_UNUSED_VARIABLE = YES;
				IPHONEOS_DEPLOYMENT_TARGET = 14.5;
				MTL_ENABLE_DEBUG_INFO = NO;
				MTL_FAST_MATH = YES;
				SDKROOT = iphoneos;
				SWIFT_COMPILATION_MODE = wholemodule;
				SWIFT_OPTIMIZATION_LEVEL = "-O";
				VALIDATE_PRODUCT = YES;
			};
			name = Release;
		};
		0F4FE66926E1668400D5A290 /* Debug */ = {
			isa = XCBuildConfiguration;
			baseConfigurationReference = 502DF4942CDFF25B52ECFB00 /* Pods-flixster.debug.xcconfig */;
			buildSettings = {
				ASSETCATALOG_COMPILER_APPICON_NAME = AppIcon;
				ASSETCATALOG_COMPILER_GLOBAL_ACCENT_COLOR_NAME = AccentColor;
				CODE_SIGN_STYLE = Automatic;
				INFOPLIST_FILE = flixster/Info.plist;
				LD_RUNPATH_SEARCH_PATHS = (
					"$(inherited)",
					"@executable_path/Frameworks",
				);
				PRODUCT_BUNDLE_IDENTIFIER = "david-w-ootan-hotmail.com.flixster";
				PRODUCT_NAME = "$(TARGET_NAME)";
				SWIFT_VERSION = 5.0;
				TARGETED_DEVICE_FAMILY = "1,2";
			};
			name = Debug;
		};
		0F4FE66A26E1668400D5A290 /* Release */ = {
			isa = XCBuildConfiguration;
			baseConfigurationReference = 0EE74BBACA02A691C1069FB2 /* Pods-flixster.release.xcconfig */;
			buildSettings = {
				ASSETCATALOG_COMPILER_APPICON_NAME = AppIcon;
				ASSETCATALOG_COMPILER_GLOBAL_ACCENT_COLOR_NAME = AccentColor;
				CODE_SIGN_STYLE = Automatic;
				INFOPLIST_FILE = flixster/Info.plist;
				LD_RUNPATH_SEARCH_PATHS = (
					"$(inherited)",
					"@executable_path/Frameworks",
				);
				PRODUCT_BUNDLE_IDENTIFIER = "david-w-ootan-hotmail.com.flixster";
				PRODUCT_NAME = "$(TARGET_NAME)";
				SWIFT_VERSION = 5.0;
				TARGETED_DEVICE_FAMILY = "1,2";
			};
			name = Release;
		};
		0F4FE66C26E1668400D5A290 /* Debug */ = {
			isa = XCBuildConfiguration;
			baseConfigurationReference = 4DCB886B1D1A64C7ABA80166 /* Pods-flixsterTests.debug.xcconfig */;
			buildSettings = {
				ALWAYS_EMBED_SWIFT_STANDARD_LIBRARIES = YES;
				BUNDLE_LOADER = "$(TEST_HOST)";
				CODE_SIGN_STYLE = Automatic;
				INFOPLIST_FILE = flixsterTests/Info.plist;
				IPHONEOS_DEPLOYMENT_TARGET = 14.5;
				LD_RUNPATH_SEARCH_PATHS = (
					"$(inherited)",
					"@executable_path/Frameworks",
					"@loader_path/Frameworks",
				);
				PRODUCT_BUNDLE_IDENTIFIER = "david-w-ootan-hotmail.com.flixsterTests";
				PRODUCT_NAME = "$(TARGET_NAME)";
				SWIFT_VERSION = 5.0;
				TARGETED_DEVICE_FAMILY = "1,2";
				TEST_HOST = "$(BUILT_PRODUCTS_DIR)/flixster.app/flixster";
			};
			name = Debug;
		};
		0F4FE66D26E1668400D5A290 /* Release */ = {
			isa = XCBuildConfiguration;
			baseConfigurationReference = 40EC57D90329E992C485FAEF /* Pods-flixsterTests.release.xcconfig */;
			buildSettings = {
				ALWAYS_EMBED_SWIFT_STANDARD_LIBRARIES = YES;
				BUNDLE_LOADER = "$(TEST_HOST)";
				CODE_SIGN_STYLE = Automatic;
				INFOPLIST_FILE = flixsterTests/Info.plist;
				IPHONEOS_DEPLOYMENT_TARGET = 14.5;
				LD_RUNPATH_SEARCH_PATHS = (
					"$(inherited)",
					"@executable_path/Frameworks",
					"@loader_path/Frameworks",
				);
				PRODUCT_BUNDLE_IDENTIFIER = "david-w-ootan-hotmail.com.flixsterTests";
				PRODUCT_NAME = "$(TARGET_NAME)";
				SWIFT_VERSION = 5.0;
				TARGETED_DEVICE_FAMILY = "1,2";
				TEST_HOST = "$(BUILT_PRODUCTS_DIR)/flixster.app/flixster";
			};
			name = Release;
		};
		0F4FE66F26E1668400D5A290 /* Debug */ = {
			isa = XCBuildConfiguration;
			baseConfigurationReference = E19D7ABDF5BA83D1406EC8C4 /* Pods-flixster-flixsterUITests.debug.xcconfig */;
			buildSettings = {
				ALWAYS_EMBED_SWIFT_STANDARD_LIBRARIES = YES;
				CODE_SIGN_STYLE = Automatic;
				INFOPLIST_FILE = flixsterUITests/Info.plist;
				LD_RUNPATH_SEARCH_PATHS = (
					"$(inherited)",
					"@executable_path/Frameworks",
					"@loader_path/Frameworks",
				);
				PRODUCT_BUNDLE_IDENTIFIER = "david-w-ootan-hotmail.com.flixsterUITests";
				PRODUCT_NAME = "$(TARGET_NAME)";
				SWIFT_VERSION = 5.0;
				TARGETED_DEVICE_FAMILY = "1,2";
				TEST_TARGET_NAME = flixster;
			};
			name = Debug;
		};
		0F4FE67026E1668400D5A290 /* Release */ = {
			isa = XCBuildConfiguration;
			baseConfigurationReference = 5846C8E9EC99896B2144AC03 /* Pods-flixster-flixsterUITests.release.xcconfig */;
			buildSettings = {
				ALWAYS_EMBED_SWIFT_STANDARD_LIBRARIES = YES;
				CODE_SIGN_STYLE = Automatic;
				INFOPLIST_FILE = flixsterUITests/Info.plist;
				LD_RUNPATH_SEARCH_PATHS = (
					"$(inherited)",
					"@executable_path/Frameworks",
					"@loader_path/Frameworks",
				);
				PRODUCT_BUNDLE_IDENTIFIER = "david-w-ootan-hotmail.com.flixsterUITests";
				PRODUCT_NAME = "$(TARGET_NAME)";
				SWIFT_VERSION = 5.0;
				TARGETED_DEVICE_FAMILY = "1,2";
				TEST_TARGET_NAME = flixster;
			};
			name = Release;
		};
/* End XCBuildConfiguration section */

/* Begin XCConfigurationList section */
		0F4FE63926E1668200D5A290 /* Build configuration list for PBXProject "flixster" */ = {
			isa = XCConfigurationList;
			buildConfigurations = (
				0F4FE66626E1668400D5A290 /* Debug */,
				0F4FE66726E1668400D5A290 /* Release */,
			);
			defaultConfigurationIsVisible = 0;
			defaultConfigurationName = Release;
		};
		0F4FE66826E1668400D5A290 /* Build configuration list for PBXNativeTarget "flixster" */ = {
			isa = XCConfigurationList;
			buildConfigurations = (
				0F4FE66926E1668400D5A290 /* Debug */,
				0F4FE66A26E1668400D5A290 /* Release */,
			);
			defaultConfigurationIsVisible = 0;
			defaultConfigurationName = Release;
		};
		0F4FE66B26E1668400D5A290 /* Build configuration list for PBXNativeTarget "flixsterTests" */ = {
			isa = XCConfigurationList;
			buildConfigurations = (
				0F4FE66C26E1668400D5A290 /* Debug */,
				0F4FE66D26E1668400D5A290 /* Release */,
			);
			defaultConfigurationIsVisible = 0;
			defaultConfigurationName = Release;
		};
		0F4FE66E26E1668400D5A290 /* Build configuration list for PBXNativeTarget "flixsterUITests" */ = {
			isa = XCConfigurationList;
			buildConfigurations = (
				0F4FE66F26E1668400D5A290 /* Debug */,
				0F4FE67026E1668400D5A290 /* Release */,
			);
			defaultConfigurationIsVisible = 0;
			defaultConfigurationName = Release;
		};
/* End XCConfigurationList section */

/* Begin XCRemoteSwiftPackageReference section */
		0F15169926E1E97800512FB5 /* XCRemoteSwiftPackageReference "AlamofireImage" */ = {
			isa = XCRemoteSwiftPackageReference;
			repositoryURL = "https://github.com/Alamofire/AlamofireImage";
			requirement = {
				kind = upToNextMajorVersion;
				minimumVersion = 4.2.0;
			};
		};
/* End XCRemoteSwiftPackageReference section */

/* Begin XCSwiftPackageProductDependency section */
		0F15169A26E1E97800512FB5 /* AlamofireImage */ = {
			isa = XCSwiftPackageProductDependency;
			package = 0F15169926E1E97800512FB5 /* XCRemoteSwiftPackageReference "AlamofireImage" */;
			productName = AlamofireImage;
		};
/* End XCSwiftPackageProductDependency section */
	};
	rootObject = 0F4FE63626E1668200D5A290 /* Project object */;
}
